
Microsoft Visual Studio Solution File, Format Version 12.00
# Visual Studio Version 17
VisualStudioVersion = 17.1.32414.318
MinimumVisualStudioVersion = 10.0.40219.1
Project("{9A19103F-16F7-4668-BE54-9A1E7A4F7556}") = "xml", "xml.csproj", "{03B5DC41-A571-484C-BE7D-AE068A978741}"
EndProject
Global
	GlobalSection(SolutionConfigurationPlatforms) = preSolution
		Debug|Any CPU = Debug|Any CPU
		Release|Any CPU = Release|Any CPU
	EndGlobalSection
	GlobalSection(ProjectConfigurationPlatforms) = postSolution
		{03B5DC41-A571-484C-BE7D-AE068A978741}.Debug|Any CPU.ActiveCfg = Debug|Any CPU
		{03B5DC41-A571-484C-BE7D-AE068A978741}.Debug|Any CPU.Build.0 = Debug|Any CPU
		{03B5DC41-A571-484C-BE7D-AE068A978741}.Release|Any CPU.ActiveCfg = Release|Any CPU
		{03B5DC41-A571-484C-BE7D-AE068A978741}.Release|Any CPU.Build.0 = Release|Any CPU
	EndGlobalSection
	GlobalSection(SolutionProperties) = preSolution
		HideSolutionNode = FALSE
	EndGlobalSection
	GlobalSection(ExtensibilityGlobals) = postSolution
		SolutionGuid = {161CFE33-16AE-45B3-BDD9-AC4FB04A1742}
	EndGlobalSection
EndGlobal
